
Microsoft Visual Studio Solution File, Format Version 12.00
# Visual Studio Version 17
VisualStudioVersion = 17.13.35806.99
MinimumVisualStudioVersion = 10.0.40219.1
Project("{FAE04EC0-301F-11D3-BF4B-00C04F79EFBC}") = "Application.Domain", "Application.Domain\Application.Domain.csproj", "{BF8A17D4-29F9-4A0E-8175-6583D05192C6}"
EndProject
Global
	GlobalSection(SolutionConfigurationPlatforms) = preSolution
		Debug|Any CPU = Debug|Any CPU
		Release|Any CPU = Release|Any CPU
	EndGlobalSection
	GlobalSection(ProjectConfigurationPlatforms) = postSolution
		{BF8A17D4-29F9-4A0E-8175-6583D05192C6}.Debug|Any CPU.ActiveCfg = Debug|Any CPU
		{BF8A17D4-29F9-4A0E-8175-6583D05192C6}.Debug|Any CPU.Build.0 = Debug|Any CPU
		{BF8A17D4-29F9-4A0E-8175-6583D05192C6}.Release|Any CPU.ActiveCfg = Release|Any CPU
		{BF8A17D4-29F9-4A0E-8175-6583D05192C6}.Release|Any CPU.Build.0 = Release|Any CPU
	EndGlobalSection
	GlobalSection(SolutionProperties) = preSolution
		HideSolutionNode = FALSE
	EndGlobalSection
	GlobalSection(ExtensibilityGlobals) = postSolution
		SolutionGuid = {F7815A0D-2DC9-4BC3-93AF-AE52D7E7DEC1}
	EndGlobalSection
EndGlobal
